// !$*UTF8*$!
{
       archiveVersion = 1;
       classes = {
       };
       objectVersion = 46;
       objects = {

/* Begin PBXAggregateTarget section */
              4C066FA9B15A4ACCAB9F7C63 /* ALL_BUILD */ = {
                     isa = PBXAggregateTarget;
                     buildConfigurationList = CCC139DC073B47FB95DF9A8D /* Build configuration list for PBXAggregateTarget "ALL_BUILD" */;
                     buildPhases = (
                            D1AA7A3F26B1449FB134152F /* CMake Rules */,
                     );
                     dependencies = (
                            D4025A7EA8BC4978B1BED4F7 /* PBXTargetDependency */,
                            61130426F5504E5DB410DEFD /* PBXTargetDependency */,
                     );
                     name = ALL_BUILD;
                     productName = ALL_BUILD;
              };
              91C91DD9FB7B4C738E0FC048 /* ZERO_CHECK */ = {
                     isa = PBXAggregateTarget;
                     buildConfigurationList = 8163B11A465B4432A303B363 /* Build configuration list for PBXAggregateTarget "ZERO_CHECK" */;
                     buildPhases = (
                            02E3233F3F3448AEB5AB4880 /* CMake Rules */,
                     );
                     dependencies = (
                     );
                     name = ZERO_CHECK;
                     productName = ZERO_CHECK;
              };
/* End PBXAggregateTarget section */

/* Begin PBXBuildFile section */
D50256571A3F4AFE956CC380 /* /Users/benutzer/Documents/anSim/framework/CG_AnSim_demos/src/executables/assignment/CMakeLists.txt */ = {isa = PBXBuildFile; fileRef = 838D603D018B41D49B305D78 /* /Users/benutzer/Documents/anSim/framework/CG_AnSim_demos/src/executables/assignment/CMakeLists.txt */; settings = { COMPILER_FLAGS = ""; }; };
9B70BA1C76B740C6B1A864EF /* /Users/benutzer/Documents/anSim/framework/CG_AnSim_demos/src/executables/assignment/main.cpp */ = {isa = PBXBuildFile; fileRef = F883B83960FB4AEEB231D189 /* /Users/benutzer/Documents/anSim/framework/CG_AnSim_demos/src/executables/assignment/main.cpp */; settings = { COMPILER_FLAGS = ""; }; };
/* End PBXBuildFile section */

/* Begin PBXBuildStyle section */
              1EC7080F5F3B4C4D93C747C3 /*  */ = {
                     isa = PBXBuildStyle;
              };
              B5E27787C49F4FFF9196DE7D /* Debug */ = {
                     isa = PBXBuildStyle;
                     buildSettings = {
                            COPY_PHASE_STRIP = NO;
                     };
                     name = Debug;
              };
              BD951A3D215349048DF36328 /* Release */ = {
                     isa = PBXBuildStyle;
                     buildSettings = {
                            COPY_PHASE_STRIP = NO;
                     };
                     name = Release;
              };
/* End PBXBuildStyle section */

/* Begin PBXContainerItemProxy section */
              59CA816368274DAD9DB59423 /* PBXContainerItemProxy */ = {
                     isa = PBXContainerItemProxy;
                     containerPortal = 429FB2025CAB4A8CB4995AC8 /* Project object */;
                     proxyType = 1;
                     remoteGlobalIDString = 9C8377A62AE14000ADA95BF5;
                     remoteInfo = assignment;
              };
              4794F5F2941F48A993B3CF9B /* PBXContainerItemProxy */ = {
                     isa = PBXContainerItemProxy;
                     containerPortal = 429FB2025CAB4A8CB4995AC8 /* Project object */;
                     proxyType = 1;
                     remoteGlobalIDString = 91C91DD9FB7B4C738E0FC048;
                     remoteInfo = ZERO_CHECK;
              };
              6F361BE18CFE4DB88D18873C /* PBXContainerItemProxy */ = {
                     isa = PBXContainerItemProxy;
                     containerPortal = 429FB2025CAB4A8CB4995AC8 /* Project object */;
                     proxyType = 1;
                     remoteGlobalIDString = 91C91DD9FB7B4C738E0FC048;
                     remoteInfo = ZERO_CHECK;
              };
/* End PBXContainerItemProxy section */

/* Begin PBXFileReference section */
293F289260FF404B9A6ACA19 /* /Users/benutzer/Documents/anSim/framework/CG_AnSim_demos/src/executables/assignment/CMakeLists.txt */ = {isa = PBXFileReference; explicitFileType = "sourcecode.text"; fileEncoding = 4; name = "CMakeLists.txt"; path = "CMakeLists.txt"; sourceTree = SOURCE_ROOT; };
2ED4637A715F4B048B436EED /* /Users/benutzer/Documents/anSim/framework/CG_AnSim_demos/src/executables/assignment/CMakeLists.txt */ = {isa = PBXFileReference; explicitFileType = "sourcecode.text"; fileEncoding = 4; name = "CMakeLists.txt"; path = "CMakeLists.txt"; sourceTree = SOURCE_ROOT; };
838D603D018B41D49B305D78 /* /Users/benutzer/Documents/anSim/framework/CG_AnSim_demos/src/executables/assignment/CMakeLists.txt */ = {isa = PBXFileReference; explicitFileType = "sourcecode.text"; fileEncoding = 4; name = "CMakeLists.txt"; path = "CMakeLists.txt"; sourceTree = SOURCE_ROOT; };
F883B83960FB4AEEB231D189 /* /Users/benutzer/Documents/anSim/framework/CG_AnSim_demos/src/executables/assignment/main.cpp */ = {isa = PBXFileReference; explicitFileType = "sourcecode.cpp.cpp"; fileEncoding = 4; name = "main.cpp"; path = "main.cpp"; sourceTree = SOURCE_ROOT; };
F945CD04AA4A4F789FCBD186 /* assignment */ = {isa = PBXFileReference; explicitFileType = "compiled.mach-o.executable"; path = assignment; refType = 0; sourceTree = BUILT_PRODUCTS_DIR; };
/* End PBXFileReference section */

/* Begin PBXGroup section */
              90E69A55737B45BEBBE198F3  = {
                     isa = PBXGroup;
                     children = (
                            821F3051D18149A1A1659580 /* Sources */,
                            0CBF9FDEDA91419B9CB15586 /* Resources */,
                            C9118FE1D8CE46F1AB7000D5 /* Products */,
                     );
                     sourceTree = "<group>";
              };
              821F3051D18149A1A1659580 /* Sources */ = {
                     isa = PBXGroup;
                     children = (
                            FD238F0CE38A490B95039CAA /* assignment */,
                            E1E1505084C546929E088D4E /* ALL_BUILD */,
                            43D2D44C469443FE88DE3F71 /* ZERO_CHECK */,
                     );
                     name = Sources;
                     sourceTree = "<group>";
              };
              0CBF9FDEDA91419B9CB15586 /* Resources */ = {
                     isa = PBXGroup;
                     children = (
                     );
                     name = Resources;
                     sourceTree = "<group>";
              };
              FD238F0CE38A490B95039CAA /* assignment */ = {
                     isa = PBXGroup;
                     children = (
                            AFCE22EA354C493693934969 /* Source Files */,
                            838D603D018B41D49B305D78 /* /Users/benutzer/Documents/anSim/framework/CG_AnSim_demos/src/executables/assignment/CMakeLists.txt */,
                     );
                     name = assignment;
                     sourceTree = "<group>";
              };
              AFCE22EA354C493693934969 /* Source Files */ = {
                     isa = PBXGroup;
                     children = (
                            F883B83960FB4AEEB231D189 /* /Users/benutzer/Documents/anSim/framework/CG_AnSim_demos/src/executables/assignment/main.cpp */,
                     );
                     name = "Source Files";
                     sourceTree = "<group>";
              };
              E1E1505084C546929E088D4E /* ALL_BUILD */ = {
                     isa = PBXGroup;
                     children = (
                            CDC5178375F94408B6C6DED9 /* CMake Rules */,
                            293F289260FF404B9A6ACA19 /* /Users/benutzer/Documents/anSim/framework/CG_AnSim_demos/src/executables/assignment/CMakeLists.txt */,
                     );
                     name = ALL_BUILD;
                     sourceTree = "<group>";
              };
              CDC5178375F94408B6C6DED9 /* CMake Rules */ = {
                     isa = PBXGroup;
                     children = (
                     );
                     name = "CMake Rules";
                     sourceTree = "<group>";
              };
              43D2D44C469443FE88DE3F71 /* ZERO_CHECK */ = {
                     isa = PBXGroup;
                     children = (
                            32C0B1B228184D4DA7D660CC /* CMake Rules */,
                            2ED4637A715F4B048B436EED /* /Users/benutzer/Documents/anSim/framework/CG_AnSim_demos/src/executables/assignment/CMakeLists.txt */,
                     );
                     name = ZERO_CHECK;
                     sourceTree = "<group>";
              };
              32C0B1B228184D4DA7D660CC /* CMake Rules */ = {
                     isa = PBXGroup;
                     children = (
                     );
                     name = "CMake Rules";
                     sourceTree = "<group>";
              };
              C9118FE1D8CE46F1AB7000D5 /* Products */ = {
                     isa = PBXGroup;
                     children = (
                            F945CD04AA4A4F789FCBD186 /* assignment */,
                     );
                     name = Products;
                     sourceTree = "<group>";
              };
/* End PBXGroup section */

/* Begin PBXNativeTarget section */
              9C8377A62AE14000ADA95BF5 /* assignment */ = {
                     isa = PBXNativeTarget;
                     buildConfigurationList = 3F1FF01E7701488FB697F80E /* Build configuration list for PBXNativeTarget "assignment" */;
                     buildPhases = (
                            E9F08A79A93F4CBB9F8CDBE8 /* Sources */,
                     );
                     buildRules = (
                     );
                     dependencies = (
                            224E04DF4E644F25AA37D8C8 /* PBXTargetDependency */,
                     );
                     name = assignment;
                     productName = assignment;
                     productReference = F945CD04AA4A4F789FCBD186 /* assignment */;
                     productType = "com.apple.product-type.tool";
              };
/* End PBXNativeTarget section */

/* Begin PBXProject section */
              429FB2025CAB4A8CB4995AC8 /* Project object */ = {
                     isa = PBXProject;
                     attributes = {
                            BuildIndependentTargetsInParallel = YES;
                     };
                     buildConfigurationList = 5F72ABA782A54A3FA40548A6 /* Build configuration list for PBXProject  "assignment" */;
                     buildSettings = {
                     };
                     buildStyles = (
                            B5E27787C49F4FFF9196DE7D /* Debug */,
                            BD951A3D215349048DF36328 /* Release */,
                     );
                     compatibilityVersion = "Xcode 3.2";
                     hasScannedForEncodings = 0;
                     mainGroup = 90E69A55737B45BEBBE198F3;
                     projectDirPath = /Users/benutzer/Documents/anSim/framework/CG_AnSim_demos/src/executables/assignment;
                     projectRoot = "";
                     targets = (
                            4C066FA9B15A4ACCAB9F7C63 /* ALL_BUILD */,
                            91C91DD9FB7B4C738E0FC048 /* ZERO_CHECK */,
                            9C8377A62AE14000ADA95BF5 /* assignment */,
                     );
              };
/* End PBXProject section */

/* Begin PBXShellScriptBuildPhase section */
              62BD2A49FAE04D8F910D279A /*  */ = {
                     isa = PBXShellScriptBuildPhase;
                     buildActionMask = 2147483647;
                     files = (
                     );
                     inputPaths = (
                     );
                     outputPaths = (
                     );
                     runOnlyForDeploymentPostprocessing = 0;
                     shellPath = /bin/sh;
                     shellScript = "# shell script goes here
exit 0";
                     showEnvVarsInLog = 0;
              };
              D1AA7A3F26B1449FB134152F /* CMake Rules */ = {
                     isa = PBXShellScriptBuildPhase;
                     buildActionMask = 2147483647;
                     files = (
                     );
                     name = "CMake Rules";
                     runOnlyForDeploymentPostprocessing = 0;
                     shellPath = /bin/sh;
                     shellScript = "make -C /Users/benutzer/Documents/anSim/framework/CG_AnSim_demos/BUILD_Xcode/executables/assignment -f /Users/benutzer/Documents/anSim/framework/CG_AnSim_demos/BUILD_Xcode/executables/assignment/CMakeScripts/ALL_BUILD_cmakeRulesBuildPhase.make$CONFIGURATION all";
                     showEnvVarsInLog = 0;
              };
              A1CF7B8BB52F4D76BE8472E0 /*  */ = {
                     isa = PBXShellScriptBuildPhase;
                     buildActionMask = 2147483647;
                     files = (
                     );
                     inputPaths = (
                     );
                     outputPaths = (
                     );
                     runOnlyForDeploymentPostprocessing = 0;
                     shellPath = /bin/sh;
                     shellScript = "# shell script goes here
exit 0";
                     showEnvVarsInLog = 0;
              };
              02E3233F3F3448AEB5AB4880 /* CMake Rules */ = {
                     isa = PBXShellScriptBuildPhase;
                     buildActionMask = 2147483647;
                     files = (
                     );
                     name = "CMake Rules";
                     runOnlyForDeploymentPostprocessing = 0;
                     shellPath = /bin/sh;
                     shellScript = "make -C /Users/benutzer/Documents/anSim/framework/CG_AnSim_demos/BUILD_Xcode/executables/assignment -f /Users/benutzer/Documents/anSim/framework/CG_AnSim_demos/BUILD_Xcode/executables/assignment/CMakeScripts/ZERO_CHECK_cmakeRulesBuildPhase.make$CONFIGURATION all";
                     showEnvVarsInLog = 0;
              };
/* End PBXShellScriptBuildPhase section */

/* Begin PBXSourcesBuildPhase section */
              E9F08A79A93F4CBB9F8CDBE8 /* Sources */ = {
                     isa = PBXSourcesBuildPhase;
                     buildActionMask = 2147483647;
                     files = (
                            9B70BA1C76B740C6B1A864EF /* /Users/benutzer/Documents/anSim/framework/CG_AnSim_demos/src/executables/assignment/main.cpp */,
                     );
                     runOnlyForDeploymentPostprocessing = 0;
              };
/* End PBXSourcesBuildPhase section */

/* Begin PBXTargetDependency section */
              D4025A7EA8BC4978B1BED4F7 /* PBXTargetDependency */ = {
                     isa = PBXTargetDependency;
                     target = 9C8377A62AE14000ADA95BF5 /* assignment */;
                     targetProxy = 59CA816368274DAD9DB59423 /* PBXContainerItemProxy */;
              };
              61130426F5504E5DB410DEFD /* PBXTargetDependency */ = {
                     isa = PBXTargetDependency;
                     target = 91C91DD9FB7B4C738E0FC048 /* ZERO_CHECK */;
                     targetProxy = 4794F5F2941F48A993B3CF9B /* PBXContainerItemProxy */;
              };
              224E04DF4E644F25AA37D8C8 /* PBXTargetDependency */ = {
                     isa = PBXTargetDependency;
                     target = 91C91DD9FB7B4C738E0FC048 /* ZERO_CHECK */;
                     targetProxy = 6F361BE18CFE4DB88D18873C /* PBXContainerItemProxy */;
              };
/* End PBXTargetDependency section */

/* Begin XCBuildConfiguration section */
              574B83508D4D494EAD97CDB0 /* Debug */ = {
                     isa = XCBuildConfiguration;
                     buildSettings = {
                            ARCHS = "$(ARCHS_STANDARD_32_64_BIT)";
                            ONLY_ACTIVE_ARCH = YES;
                            SDKROOT = "/Applications/Xcode.app/Contents/Developer/Platforms/MacOSX.platform/Developer/SDKs/MacOSX10.10.sdk";
                            SYMROOT = /Users/benutzer/Documents/anSim/framework/CG_AnSim_demos/BUILD_Xcode/executables/assignment/build;
                     };
                     name = Debug;
              };
              2DDD581C21CE4D1286EAA15A /* Release */ = {
                     isa = XCBuildConfiguration;
                     buildSettings = {
                            ARCHS = "$(ARCHS_STANDARD_32_64_BIT)";
                            ONLY_ACTIVE_ARCH = YES;
                            SDKROOT = "/Applications/Xcode.app/Contents/Developer/Platforms/MacOSX.platform/Developer/SDKs/MacOSX10.10.sdk";
                            SYMROOT = /Users/benutzer/Documents/anSim/framework/CG_AnSim_demos/BUILD_Xcode/executables/assignment/build;
                     };
                     name = Release;
              };
              966706315E0442C1A95EF50F /* Debug */ = {
                     isa = XCBuildConfiguration;
                     buildSettings = {
                            COMBINE_HIDPI_IMAGES = YES;
                            FRAMEWORK_SEARCH_PATHS = ("/Applications/Xcode.app/Contents/Developer/Platforms/MacOSX.platform/Developer/SDKs/MacOSX10.10.sdk/System/Library/Frameworks", );
                            GCC_GENERATE_DEBUGGING_SYMBOLS = NO;
                            GCC_INLINES_ARE_PRIVATE_EXTERN = NO;
                            GCC_OPTIMIZATION_LEVEL = 0;
                            GCC_PREPROCESSOR_DEFINITIONS = ("'CMAKE_INTDIR=\"$(CONFIGURATION)$(EFFECTIVE_PLATFORM_NAME)\"'", "'SHADERS_PATH=\"/Users/benutzer/Documents/anSim/framework/CG_AnSim_demos/src/shaders\"'", "'RESOURCES_PATH=\"/Users/benutzer/Documents/anSim/framework/CG_AnSim_demos/src/../../resources\"'", GLFW_INCLUDE_GLCOREARB, GLEW_STATIC, GL_DO_NOT_WARN_IF_MULTI_GL_VERSION_HEADERS_INCLUDED, GLEW_NO_GLU, );
                            GCC_SYMBOLS_PRIVATE_EXTERN = NO;
                            HEADER_SEARCH_PATHS = (/opt/local/include, /Users/benutzer/Documents/anSim/dependencies_osx/glfw/include, /Users/benutzer/Documents/anSim/dependencies_osx/assimp/include, /Users/benutzer/Documents/anSim/dependencies_osx/glm, "/Users/benutzer/Documents/anSim/framework/CG_AnSim_demos/src/../../libraries", );
                            INSTALL_PATH = "";
                            OTHER_CFLAGS = "  ";
                            OTHER_LDFLAGS = " ";
                            OTHER_REZFLAGS = "";
                            PRODUCT_NAME = ALL_BUILD;
                            SECTORDER_FLAGS = "";
                            SYMROOT = /Users/benutzer/Documents/anSim/framework/CG_AnSim_demos/BUILD_Xcode/executables/assignment;
                            USE_HEADERMAP = NO;
                            WARNING_CFLAGS = ("-Wmost", "-Wno-four-char-constants", "-Wno-unknown-pragmas", "$(inherited)", );
                     };
                     name = Debug;
              };
              B8538C29075145189234E7D0 /* Release */ = {
                     isa = XCBuildConfiguration;
                     buildSettings = {
                            COMBINE_HIDPI_IMAGES = YES;
                            FRAMEWORK_SEARCH_PATHS = ("/Applications/Xcode.app/Contents/Developer/Platforms/MacOSX.platform/Developer/SDKs/MacOSX10.10.sdk/System/Library/Frameworks", );
                            GCC_GENERATE_DEBUGGING_SYMBOLS = NO;
                            GCC_INLINES_ARE_PRIVATE_EXTERN = NO;
                            GCC_OPTIMIZATION_LEVEL = 0;
                            GCC_PREPROCESSOR_DEFINITIONS = ("'CMAKE_INTDIR=\"$(CONFIGURATION)$(EFFECTIVE_PLATFORM_NAME)\"'", "'SHADERS_PATH=\"/Users/benutzer/Documents/anSim/framework/CG_AnSim_demos/src/shaders\"'", "'RESOURCES_PATH=\"/Users/benutzer/Documents/anSim/framework/CG_AnSim_demos/src/../../resources\"'", GLFW_INCLUDE_GLCOREARB, GLEW_STATIC, GL_DO_NOT_WARN_IF_MULTI_GL_VERSION_HEADERS_INCLUDED, GLEW_NO_GLU, );
                            GCC_SYMBOLS_PRIVATE_EXTERN = NO;
                            HEADER_SEARCH_PATHS = (/opt/local/include, /Users/benutzer/Documents/anSim/dependencies_osx/glfw/include, /Users/benutzer/Documents/anSim/dependencies_osx/assimp/include, /Users/benutzer/Documents/anSim/dependencies_osx/glm, "/Users/benutzer/Documents/anSim/framework/CG_AnSim_demos/src/../../libraries", );
                            INSTALL_PATH = "";
                            OTHER_CFLAGS = "  ";
                            OTHER_LDFLAGS = " ";
                            OTHER_REZFLAGS = "";
                            PRODUCT_NAME = ALL_BUILD;
                            SECTORDER_FLAGS = "";
                            SYMROOT = /Users/benutzer/Documents/anSim/framework/CG_AnSim_demos/BUILD_Xcode/executables/assignment;
                            USE_HEADERMAP = NO;
                            WARNING_CFLAGS = ("-Wmost", "-Wno-four-char-constants", "-Wno-unknown-pragmas", "$(inherited)", );
                     };
                     name = Release;
              };
              0C0A1B3E03534ECCB7707B7D /* Debug */ = {
                     isa = XCBuildConfiguration;
                     buildSettings = {
                            COMBINE_HIDPI_IMAGES = YES;
                            FRAMEWORK_SEARCH_PATHS = ("/Applications/Xcode.app/Contents/Developer/Platforms/MacOSX.platform/Developer/SDKs/MacOSX10.10.sdk/System/Library/Frameworks", );
                            GCC_GENERATE_DEBUGGING_SYMBOLS = NO;
                            GCC_INLINES_ARE_PRIVATE_EXTERN = NO;
                            GCC_OPTIMIZATION_LEVEL = 0;
                            GCC_PREPROCESSOR_DEFINITIONS = ("'CMAKE_INTDIR=\"$(CONFIGURATION)$(EFFECTIVE_PLATFORM_NAME)\"'", "'SHADERS_PATH=\"/Users/benutzer/Documents/anSim/framework/CG_AnSim_demos/src/shaders\"'", "'RESOURCES_PATH=\"/Users/benutzer/Documents/anSim/framework/CG_AnSim_demos/src/../../resources\"'", GLFW_INCLUDE_GLCOREARB, GLEW_STATIC, GL_DO_NOT_WARN_IF_MULTI_GL_VERSION_HEADERS_INCLUDED, GLEW_NO_GLU, );
                            GCC_SYMBOLS_PRIVATE_EXTERN = NO;
                            HEADER_SEARCH_PATHS = (/opt/local/include, /Users/benutzer/Documents/anSim/dependencies_osx/glfw/include, /Users/benutzer/Documents/anSim/dependencies_osx/assimp/include, /Users/benutzer/Documents/anSim/dependencies_osx/glm, "/Users/benutzer/Documents/anSim/framework/CG_AnSim_demos/src/../../libraries", );
                            INSTALL_PATH = "";
                            OTHER_CFLAGS = "  ";
                            OTHER_LDFLAGS = " ";
                            OTHER_REZFLAGS = "";
                            PRODUCT_NAME = ZERO_CHECK;
                            SECTORDER_FLAGS = "";
                            SYMROOT = /Users/benutzer/Documents/anSim/framework/CG_AnSim_demos/BUILD_Xcode/executables/assignment;
                            USE_HEADERMAP = NO;
                            WARNING_CFLAGS = ("-Wmost", "-Wno-four-char-constants", "-Wno-unknown-pragmas", "$(inherited)", );
                     };
                     name = Debug;
              };
              C5B3F9BF7FA645E8BB1AB797 /* Release */ = {
                     isa = XCBuildConfiguration;
                     buildSettings = {
                            COMBINE_HIDPI_IMAGES = YES;
                            FRAMEWORK_SEARCH_PATHS = ("/Applications/Xcode.app/Contents/Developer/Platforms/MacOSX.platform/Developer/SDKs/MacOSX10.10.sdk/System/Library/Frameworks", );
                            GCC_GENERATE_DEBUGGING_SYMBOLS = NO;
                            GCC_INLINES_ARE_PRIVATE_EXTERN = NO;
                            GCC_OPTIMIZATION_LEVEL = 0;
                            GCC_PREPROCESSOR_DEFINITIONS = ("'CMAKE_INTDIR=\"$(CONFIGURATION)$(EFFECTIVE_PLATFORM_NAME)\"'", "'SHADERS_PATH=\"/Users/benutzer/Documents/anSim/framework/CG_AnSim_demos/src/shaders\"'", "'RESOURCES_PATH=\"/Users/benutzer/Documents/anSim/framework/CG_AnSim_demos/src/../../resources\"'", GLFW_INCLUDE_GLCOREARB, GLEW_STATIC, GL_DO_NOT_WARN_IF_MULTI_GL_VERSION_HEADERS_INCLUDED, GLEW_NO_GLU, );
                            GCC_SYMBOLS_PRIVATE_EXTERN = NO;
                            HEADER_SEARCH_PATHS = (/opt/local/include, /Users/benutzer/Documents/anSim/dependencies_osx/glfw/include, /Users/benutzer/Documents/anSim/dependencies_osx/assimp/include, /Users/benutzer/Documents/anSim/dependencies_osx/glm, "/Users/benutzer/Documents/anSim/framework/CG_AnSim_demos/src/../../libraries", );
                            INSTALL_PATH = "";
                            OTHER_CFLAGS = "  ";
                            OTHER_LDFLAGS = " ";
                            OTHER_REZFLAGS = "";
                            PRODUCT_NAME = ZERO_CHECK;
                            SECTORDER_FLAGS = "";
                            SYMROOT = /Users/benutzer/Documents/anSim/framework/CG_AnSim_demos/BUILD_Xcode/executables/assignment;
                            USE_HEADERMAP = NO;
                            WARNING_CFLAGS = ("-Wmost", "-Wno-four-char-constants", "-Wno-unknown-pragmas", "$(inherited)", );
                     };
                     name = Release;
              };
              30DB381E82EC4FDF999EBA9F /* Debug */ = {
                     isa = XCBuildConfiguration;
                     buildSettings = {
                            COMBINE_HIDPI_IMAGES = YES;
                            CONFIGURATION_BUILD_DIR = /Users/benutzer/Documents/anSim/framework/CG_AnSim_demos/BUILD_Xcode/bin/Debug;
                            EXECUTABLE_PREFIX = "";
                            EXECUTABLE_SUFFIX = "";
                            FRAMEWORK_SEARCH_PATHS = ("/Applications/Xcode.app/Contents/Developer/Platforms/MacOSX.platform/Developer/SDKs/MacOSX10.10.sdk/System/Library/Frameworks", );
                            GCC_GENERATE_DEBUGGING_SYMBOLS = YES;
                            GCC_INLINES_ARE_PRIVATE_EXTERN = NO;
                            GCC_OPTIMIZATION_LEVEL = 0;
                            GCC_PREPROCESSOR_DEFINITIONS = ("'CMAKE_INTDIR=\"$(CONFIGURATION)$(EFFECTIVE_PLATFORM_NAME)\"'", "'SHADERS_PATH=\"/Users/benutzer/Documents/anSim/framework/CG_AnSim_demos/src/shaders\"'", "'RESOURCES_PATH=\"/Users/benutzer/Documents/anSim/framework/CG_AnSim_demos/src/../../resources\"'", GLFW_INCLUDE_GLCOREARB, GLEW_STATIC, GL_DO_NOT_WARN_IF_MULTI_GL_VERSION_HEADERS_INCLUDED, GLEW_NO_GLU, );
                            GCC_SYMBOLS_PRIVATE_EXTERN = NO;
                            HEADER_SEARCH_PATHS = (/opt/local/include, /Users/benutzer/Documents/anSim/dependencies_osx/glfw/include, /Users/benutzer/Documents/anSim/dependencies_osx/assimp/include, /Users/benutzer/Documents/anSim/dependencies_osx/glm, "/Users/benutzer/Documents/anSim/framework/CG_AnSim_demos/src/../../libraries", );
                            INSTALL_PATH = "";
                            LIBRARY_SEARCH_PATHS = "";
                            OTHER_CFLAGS = "    ";
                            OTHER_CPLUSPLUSFLAGS = " -std=c++0x     ";
                            OTHER_LDFLAGS = " -Wl,-search_paths_first -Wl,-headerpad_max_install_names  /Users/benutzer/Documents/anSim/framework/CG_AnSim_demos/BUILD_Xcode/lib/Debug/libCVK_2.a /Users/benutzer/Documents/anSim/framework/CG_AnSim_demos/BUILD_Xcode/lib/Debug/libCVK_AnSim.a /Users/benutzer/Documents/anSim/framework/CG_AnSim_demos/BUILD_Xcode/lib/Debug/librollercoaster.a /opt/local/lib/libglfw.dylib -lz /Users/benutzer/Documents/anSim/dependencies_osx/assimp/lib/libassimp.a /opt/local/lib/libGLEW.a -framework Cocoa -framework OpenGL -framework IOKit -framework CoreVideo /Users/benutzer/Documents/anSim/framework/CG_AnSim_demos/BUILD_Xcode/lib/Debug/libCVK_2.a /Users/benutzer/Documents/anSim/framework/CG_AnSim_demos/BUILD_Xcode/lib/Debug/libCVK_AnSim.a /Users/benutzer/Documents/anSim/framework/CG_AnSim_demos/BUILD_Xcode/lib/Debug/librollercoaster.a /opt/local/lib/libglfw.dylib -lz /Users/benutzer/Documents/anSim/dependencies_osx/assimp/lib/libassimp.a /opt/local/lib/libGLEW.a -framework Cocoa -framework OpenGL -framework IOKit -framework CoreVideo";
                            OTHER_REZFLAGS = "";
                            PRODUCT_NAME = assignment;
                            SECTORDER_FLAGS = "";
                            SYMROOT = /Users/benutzer/Documents/anSim/framework/CG_AnSim_demos/BUILD_Xcode/executables/assignment;
                            USE_HEADERMAP = NO;
                            WARNING_CFLAGS = ("-Wmost", "-Wno-four-char-constants", "-Wno-unknown-pragmas", "$(inherited)", );
                     };
                     name = Debug;
              };
              F0FACEE8AAF64C8580193B1B /* Release */ = {
                     isa = XCBuildConfiguration;
                     buildSettings = {
                            COMBINE_HIDPI_IMAGES = YES;
                            CONFIGURATION_BUILD_DIR = /Users/benutzer/Documents/anSim/framework/CG_AnSim_demos/BUILD_Xcode/bin/Release;
                            EXECUTABLE_PREFIX = "";
                            EXECUTABLE_SUFFIX = "";
                            FRAMEWORK_SEARCH_PATHS = ("/Applications/Xcode.app/Contents/Developer/Platforms/MacOSX.platform/Developer/SDKs/MacOSX10.10.sdk/System/Library/Frameworks", );
                            GCC_GENERATE_DEBUGGING_SYMBOLS = NO;
                            GCC_INLINES_ARE_PRIVATE_EXTERN = NO;
                            GCC_OPTIMIZATION_LEVEL = 3;
                            GCC_PREPROCESSOR_DEFINITIONS = ("'CMAKE_INTDIR=\"$(CONFIGURATION)$(EFFECTIVE_PLATFORM_NAME)\"'", "'SHADERS_PATH=\"/Users/benutzer/Documents/anSim/framework/CG_AnSim_demos/src/shaders\"'", "'RESOURCES_PATH=\"/Users/benutzer/Documents/anSim/framework/CG_AnSim_demos/src/../../resources\"'", GLFW_INCLUDE_GLCOREARB, GLEW_STATIC, GL_DO_NOT_WARN_IF_MULTI_GL_VERSION_HEADERS_INCLUDED, GLEW_NO_GLU, );
                            GCC_SYMBOLS_PRIVATE_EXTERN = NO;
                            HEADER_SEARCH_PATHS = (/opt/local/include, /Users/benutzer/Documents/anSim/dependencies_osx/glfw/include, /Users/benutzer/Documents/anSim/dependencies_osx/assimp/include, /Users/benutzer/Documents/anSim/dependencies_osx/glm, "/Users/benutzer/Documents/anSim/framework/CG_AnSim_demos/src/../../libraries", );
                            INSTALL_PATH = "";
                            LIBRARY_SEARCH_PATHS = "";
                            OTHER_CFLAGS = "    -DNDEBUG  ";
                            OTHER_CPLUSPLUSFLAGS = " -std=c++0x     -DNDEBUG  ";
                            OTHER_LDFLAGS = " -Wl,-search_paths_first -Wl,-headerpad_max_install_names  /Users/benutzer/Documents/anSim/framework/CG_AnSim_demos/BUILD_Xcode/lib/Release/libCVK_2.a /Users/benutzer/Documents/anSim/framework/CG_AnSim_demos/BUILD_Xcode/lib/Release/libCVK_AnSim.a /Users/benutzer/Documents/anSim/framework/CG_AnSim_demos/BUILD_Xcode/lib/Release/librollercoaster.a /opt/local/lib/libglfw.dylib -lz /Users/benutzer/Documents/anSim/dependencies_osx/assimp/lib/libassimp.a /opt/local/lib/libGLEW.a -framework Cocoa -framework OpenGL -framework IOKit -framework CoreVideo /Users/benutzer/Documents/anSim/framework/CG_AnSim_demos/BUILD_Xcode/lib/Release/libCVK_2.a /Users/benutzer/Documents/anSim/framework/CG_AnSim_demos/BUILD_Xcode/lib/Release/libCVK_AnSim.a /Users/benutzer/Documents/anSim/framework/CG_AnSim_demos/BUILD_Xcode/lib/Release/librollercoaster.a /opt/local/lib/libglfw.dylib -lz /Users/benutzer/Documents/anSim/dependencies_osx/assimp/lib/libassimp.a /opt/local/lib/libGLEW.a -framework Cocoa -framework OpenGL -framework IOKit -framework CoreVideo";
                            OTHER_REZFLAGS = "";
                            PRODUCT_NAME = assignment;
                            SECTORDER_FLAGS = "";
                            SYMROOT = /Users/benutzer/Documents/anSim/framework/CG_AnSim_demos/BUILD_Xcode/executables/assignment;
                            USE_HEADERMAP = NO;
                            WARNING_CFLAGS = ("-Wmost", "-Wno-four-char-constants", "-Wno-unknown-pragmas", "$(inherited)", );
                     };
                     name = Release;
              };
/* End XCBuildConfiguration section */

/* Begin XCConfigurationList section */
              5F72ABA782A54A3FA40548A6 /* Build configuration list for PBXProject  "assignment" */ = {
                     isa = XCConfigurationList;
                     buildConfigurations = (
                            574B83508D4D494EAD97CDB0 /* Debug */,
                            2DDD581C21CE4D1286EAA15A /* Release */,
                     );
                     defaultConfigurationIsVisible = 0;
                     defaultConfigurationName = Debug;
              };
              CCC139DC073B47FB95DF9A8D /* Build configuration list for PBXAggregateTarget "ALL_BUILD" */ = {
                     isa = XCConfigurationList;
                     buildConfigurations = (
                            966706315E0442C1A95EF50F /* Debug */,
                            B8538C29075145189234E7D0 /* Release */,
                     );
                     defaultConfigurationIsVisible = 0;
                     defaultConfigurationName = Debug;
              };
              8163B11A465B4432A303B363 /* Build configuration list for PBXAggregateTarget "ZERO_CHECK" */ = {
                     isa = XCConfigurationList;
                     buildConfigurations = (
                            0C0A1B3E03534ECCB7707B7D /* Debug */,
                            C5B3F9BF7FA645E8BB1AB797 /* Release */,
                     );
                     defaultConfigurationIsVisible = 0;
                     defaultConfigurationName = Debug;
              };
              3F1FF01E7701488FB697F80E /* Build configuration list for PBXNativeTarget "assignment" */ = {
                     isa = XCConfigurationList;
                     buildConfigurations = (
                            30DB381E82EC4FDF999EBA9F /* Debug */,
                            F0FACEE8AAF64C8580193B1B /* Release */,
                     );
                     defaultConfigurationIsVisible = 0;
                     defaultConfigurationName = Debug;
              };
/* End XCConfigurationList section */
       };
       rootObject = 429FB2025CAB4A8CB4995AC8;
}
