// !$*UTF8*$!
{
       archiveVersion = 1;
       classes = {
       };
       objectVersion = 46;
       objects = {

/* Begin PBXAggregateTarget section */
              4C066FA9B15A4ACCAB9F7C63 /* ALL_BUILD */ = {
                     isa = PBXAggregateTarget;
                     buildConfigurationList = 0AD0EAF349254352875A5C57 /* Build configuration list for PBXAggregateTarget "ALL_BUILD" */;
                     buildPhases = (
                            DCCCD4DDB93D4AEA868B9D63 /* CMake Rules */,
                     );
                     dependencies = (
                            63DFCA720C1D44B1B309FBB5 /* PBXTargetDependency */,
                     );
                     name = ALL_BUILD;
                     productName = ALL_BUILD;
              };
              91C91DD9FB7B4C738E0FC048 /* ZERO_CHECK */ = {
                     isa = PBXAggregateTarget;
                     buildConfigurationList = 2F6D43ACBAE04715B5CC2276 /* Build configuration list for PBXAggregateTarget "ZERO_CHECK" */;
                     buildPhases = (
                            92AA493BF0AA419AAE9DC0F4 /* CMake Rules */,
                     );
                     dependencies = (
                     );
                     name = ZERO_CHECK;
                     productName = ZERO_CHECK;
              };
/* End PBXAggregateTarget section */

/* Begin PBXBuildFile section */
9B20415B280C43DB9E4AF91B /* /Users/benutzer/Documents/anSim/framework/libraries/rollercoaster/CMakeLists.txt */ = {isa = PBXBuildFile; fileRef = B01FFED9F9874953B72F1A85 /* /Users/benutzer/Documents/anSim/framework/libraries/rollercoaster/CMakeLists.txt */; settings = { COMPILER_FLAGS = ""; }; };
A8A6A24C42BC4E0097B130A1 /* /Users/benutzer/Documents/anSim/framework/libraries/rollercoaster/Rail.cpp */ = {isa = PBXBuildFile; fileRef = 9FBBD4C227AB4CCEACC99EEF /* /Users/benutzer/Documents/anSim/framework/libraries/rollercoaster/Rail.cpp */; settings = { COMPILER_FLAGS = ""; }; };
F0BE5A610D864D81B35188B8 /* /Users/benutzer/Documents/anSim/framework/libraries/rollercoaster/Rail.h */ = {isa = PBXBuildFile; fileRef = 440ED02B0EF64EE3B1534821 /* /Users/benutzer/Documents/anSim/framework/libraries/rollercoaster/Rail.h */; settings = { COMPILER_FLAGS = ""; }; };
/* End PBXBuildFile section */

/* Begin PBXBuildStyle section */
              6A392CD1424242EE81F35F5E /*  */ = {
                     isa = PBXBuildStyle;
              };
              1B222D8F9F4743AA8BC9AD3F /* Debug */ = {
                     isa = PBXBuildStyle;
                     buildSettings = {
                            COPY_PHASE_STRIP = NO;
                     };
                     name = Debug;
              };
              5229324940554684BAA1EC70 /* Release */ = {
                     isa = PBXBuildStyle;
                     buildSettings = {
                            COPY_PHASE_STRIP = NO;
                     };
                     name = Release;
              };
/* End PBXBuildStyle section */

/* Begin PBXContainerItemProxy section */
              9E895C7300E84D648207FA55 /* PBXContainerItemProxy */ = {
                     isa = PBXContainerItemProxy;
                     containerPortal = 35F3FBB6218B4F7692B4B228 /* Project object */;
                     proxyType = 1;
                     remoteGlobalIDString = 91C91DD9FB7B4C738E0FC048;
                     remoteInfo = ZERO_CHECK;
              };
              8B919810D5BB4616BA4D7513 /* PBXContainerItemProxy */ = {
                     isa = PBXContainerItemProxy;
                     containerPortal = 35F3FBB6218B4F7692B4B228 /* Project object */;
                     proxyType = 1;
                     remoteGlobalIDString = 91C91DD9FB7B4C738E0FC048;
                     remoteInfo = ZERO_CHECK;
              };
/* End PBXContainerItemProxy section */

/* Begin PBXFileReference section */
815B5C097AB845D4A34A0320 /* /Users/benutzer/Documents/anSim/framework/libraries/rollercoaster/CMakeLists.txt */ = {isa = PBXFileReference; explicitFileType = "sourcecode.text"; fileEncoding = 4; name = "CMakeLists.txt"; path = "CMakeLists.txt"; sourceTree = SOURCE_ROOT; };
AD7853FC735247C8B8ACAE68 /* /Users/benutzer/Documents/anSim/framework/libraries/rollercoaster/CMakeLists.txt */ = {isa = PBXFileReference; explicitFileType = "sourcecode.text"; fileEncoding = 4; name = "CMakeLists.txt"; path = "CMakeLists.txt"; sourceTree = SOURCE_ROOT; };
B01FFED9F9874953B72F1A85 /* /Users/benutzer/Documents/anSim/framework/libraries/rollercoaster/CMakeLists.txt */ = {isa = PBXFileReference; explicitFileType = "sourcecode.text"; fileEncoding = 4; name = "CMakeLists.txt"; path = "CMakeLists.txt"; sourceTree = SOURCE_ROOT; };
9FBBD4C227AB4CCEACC99EEF /* /Users/benutzer/Documents/anSim/framework/libraries/rollercoaster/Rail.cpp */ = {isa = PBXFileReference; explicitFileType = "sourcecode.cpp.cpp"; fileEncoding = 4; name = "Rail.cpp"; path = "Rail.cpp"; sourceTree = SOURCE_ROOT; };
440ED02B0EF64EE3B1534821 /* /Users/benutzer/Documents/anSim/framework/libraries/rollercoaster/Rail.h */ = {isa = PBXFileReference; explicitFileType = "sourcecode.c.h"; fileEncoding = 4; name = "Rail.h"; path = "Rail.h"; sourceTree = SOURCE_ROOT; };
6DCECACBF5874D5A9E18EEBA /* rollercoaster */ = {isa = PBXFileReference; explicitFileType = "archive.ar"; path = "librollercoaster.a"; refType = 0; sourceTree = BUILT_PRODUCTS_DIR; };
/* End PBXFileReference section */

/* Begin PBXGroup section */
              E73E242EDE86421889311A4E  = {
                     isa = PBXGroup;
                     children = (
                            85F203577A984C658577245D /* Sources */,
                            66028465CD9C445BB8DBF131 /* Resources */,
                            CB79EB16D0AF49898705E31A /* Products */,
                     );
                     sourceTree = "<group>";
              };
              85F203577A984C658577245D /* Sources */ = {
                     isa = PBXGroup;
                     children = (
                            B071BB38A26343ED84756613 /* ALL_BUILD */,
                            A7683EEA4CCD4F0F87BC7B4E /* rollercoaster */,
                            44B8BE12C1AC474187F80FAE /* ZERO_CHECK */,
                     );
                     name = Sources;
                     sourceTree = "<group>";
              };
              66028465CD9C445BB8DBF131 /* Resources */ = {
                     isa = PBXGroup;
                     children = (
                     );
                     name = Resources;
                     sourceTree = "<group>";
              };
              B071BB38A26343ED84756613 /* ALL_BUILD */ = {
                     isa = PBXGroup;
                     children = (
                            5263EBA0BAF04E4F82222DAF /* CMake Rules */,
                            815B5C097AB845D4A34A0320 /* /Users/benutzer/Documents/anSim/framework/libraries/rollercoaster/CMakeLists.txt */,
                     );
                     name = ALL_BUILD;
                     sourceTree = "<group>";
              };
              5263EBA0BAF04E4F82222DAF /* CMake Rules */ = {
                     isa = PBXGroup;
                     children = (
                     );
                     name = "CMake Rules";
                     sourceTree = "<group>";
              };
              A7683EEA4CCD4F0F87BC7B4E /* rollercoaster */ = {
                     isa = PBXGroup;
                     children = (
                            9473089F2ACB4548BD89A738 /* Source Files */,
                            60BEC6DEC6BB44F3A0626DE7 /* Header Files */,
                            B01FFED9F9874953B72F1A85 /* /Users/benutzer/Documents/anSim/framework/libraries/rollercoaster/CMakeLists.txt */,
                     );
                     name = rollercoaster;
                     sourceTree = "<group>";
              };
              9473089F2ACB4548BD89A738 /* Source Files */ = {
                     isa = PBXGroup;
                     children = (
                            9FBBD4C227AB4CCEACC99EEF /* /Users/benutzer/Documents/anSim/framework/libraries/rollercoaster/Rail.cpp */,
                     );
                     name = "Source Files";
                     sourceTree = "<group>";
              };
              60BEC6DEC6BB44F3A0626DE7 /* Header Files */ = {
                     isa = PBXGroup;
                     children = (
                            440ED02B0EF64EE3B1534821 /* /Users/benutzer/Documents/anSim/framework/libraries/rollercoaster/Rail.h */,
                     );
                     name = "Header Files";
                     sourceTree = "<group>";
              };
              44B8BE12C1AC474187F80FAE /* ZERO_CHECK */ = {
                     isa = PBXGroup;
                     children = (
                            0B4930D908124E5BBBB5856C /* CMake Rules */,
                            AD7853FC735247C8B8ACAE68 /* /Users/benutzer/Documents/anSim/framework/libraries/rollercoaster/CMakeLists.txt */,
                     );
                     name = ZERO_CHECK;
                     sourceTree = "<group>";
              };
              0B4930D908124E5BBBB5856C /* CMake Rules */ = {
                     isa = PBXGroup;
                     children = (
                     );
                     name = "CMake Rules";
                     sourceTree = "<group>";
              };
              CB79EB16D0AF49898705E31A /* Products */ = {
                     isa = PBXGroup;
                     children = (
                            6DCECACBF5874D5A9E18EEBA /* rollercoaster */,
                     );
                     name = Products;
                     sourceTree = "<group>";
              };
/* End PBXGroup section */

/* Begin PBXNativeTarget section */
              17844D1EEF214B79BD9B4302 /* rollercoaster */ = {
                     isa = PBXNativeTarget;
                     buildConfigurationList = EA484007A46D4F039D35A2CB /* Build configuration list for PBXNativeTarget "rollercoaster" */;
                     buildPhases = (
                            73AF2F8D94EF4EEBADD50F37 /* Sources */,
                     );
                     buildRules = (
                     );
                     dependencies = (
                            DBB96A4A72934B778D650852 /* PBXTargetDependency */,
                     );
                     name = rollercoaster;
                     productName = rollercoaster;
                     productReference = 6DCECACBF5874D5A9E18EEBA /* rollercoaster */;
                     productType = "com.apple.product-type.library.static";
              };
/* End PBXNativeTarget section */

/* Begin PBXProject section */
              35F3FBB6218B4F7692B4B228 /* Project object */ = {
                     isa = PBXProject;
                     attributes = {
                            BuildIndependentTargetsInParallel = YES;
                     };
                     buildConfigurationList = A728C1D2E77C4DFC90FDE0C8 /* Build configuration list for PBXProject  "rollercoaster" */;
                     buildSettings = {
                     };
                     buildStyles = (
                            1B222D8F9F4743AA8BC9AD3F /* Debug */,
                            5229324940554684BAA1EC70 /* Release */,
                     );
                     compatibilityVersion = "Xcode 3.2";
                     hasScannedForEncodings = 0;
                     mainGroup = E73E242EDE86421889311A4E;
                     projectDirPath = /Users/benutzer/Documents/anSim/framework/libraries/rollercoaster;
                     projectRoot = "";
                     targets = (
                            4C066FA9B15A4ACCAB9F7C63 /* ALL_BUILD */,
                            91C91DD9FB7B4C738E0FC048 /* ZERO_CHECK */,
                            17844D1EEF214B79BD9B4302 /* rollercoaster */,
                     );
              };
/* End PBXProject section */

/* Begin PBXShellScriptBuildPhase section */
              1EEF4158F1B14CB6A6F025B8 /*  */ = {
                     isa = PBXShellScriptBuildPhase;
                     buildActionMask = 2147483647;
                     files = (
                     );
                     inputPaths = (
                     );
                     outputPaths = (
                     );
                     runOnlyForDeploymentPostprocessing = 0;
                     shellPath = /bin/sh;
                     shellScript = "# shell script goes here
exit 0";
                     showEnvVarsInLog = 0;
              };
              DCCCD4DDB93D4AEA868B9D63 /* CMake Rules */ = {
                     isa = PBXShellScriptBuildPhase;
                     buildActionMask = 2147483647;
                     files = (
                     );
                     name = "CMake Rules";
                     runOnlyForDeploymentPostprocessing = 0;
                     shellPath = /bin/sh;
                     shellScript = "make -C /Users/benutzer/Documents/anSim/framework/CG_AnSim_demos/BUILD_Xcode/libraries/rollercoaster -f /Users/benutzer/Documents/anSim/framework/CG_AnSim_demos/BUILD_Xcode/libraries/rollercoaster/CMakeScripts/ALL_BUILD_cmakeRulesBuildPhase.make$CONFIGURATION all";
                     showEnvVarsInLog = 0;
              };
              41D618F52B2149D687E82943 /*  */ = {
                     isa = PBXShellScriptBuildPhase;
                     buildActionMask = 2147483647;
                     files = (
                     );
                     inputPaths = (
                     );
                     outputPaths = (
                     );
                     runOnlyForDeploymentPostprocessing = 0;
                     shellPath = /bin/sh;
                     shellScript = "# shell script goes here
exit 0";
                     showEnvVarsInLog = 0;
              };
              92AA493BF0AA419AAE9DC0F4 /* CMake Rules */ = {
                     isa = PBXShellScriptBuildPhase;
                     buildActionMask = 2147483647;
                     files = (
                     );
                     name = "CMake Rules";
                     runOnlyForDeploymentPostprocessing = 0;
                     shellPath = /bin/sh;
                     shellScript = "make -C /Users/benutzer/Documents/anSim/framework/CG_AnSim_demos/BUILD_Xcode/libraries/rollercoaster -f /Users/benutzer/Documents/anSim/framework/CG_AnSim_demos/BUILD_Xcode/libraries/rollercoaster/CMakeScripts/ZERO_CHECK_cmakeRulesBuildPhase.make$CONFIGURATION all";
                     showEnvVarsInLog = 0;
              };
/* End PBXShellScriptBuildPhase section */

/* Begin PBXSourcesBuildPhase section */
              73AF2F8D94EF4EEBADD50F37 /* Sources */ = {
                     isa = PBXSourcesBuildPhase;
                     buildActionMask = 2147483647;
                     files = (
                            A8A6A24C42BC4E0097B130A1 /* /Users/benutzer/Documents/anSim/framework/libraries/rollercoaster/Rail.cpp */,
                     );
                     runOnlyForDeploymentPostprocessing = 0;
              };
/* End PBXSourcesBuildPhase section */

/* Begin PBXTargetDependency section */
              63DFCA720C1D44B1B309FBB5 /* PBXTargetDependency */ = {
                     isa = PBXTargetDependency;
                     target = 91C91DD9FB7B4C738E0FC048 /* ZERO_CHECK */;
                     targetProxy = 9E895C7300E84D648207FA55 /* PBXContainerItemProxy */;
              };
              DBB96A4A72934B778D650852 /* PBXTargetDependency */ = {
                     isa = PBXTargetDependency;
                     target = 91C91DD9FB7B4C738E0FC048 /* ZERO_CHECK */;
                     targetProxy = 8B919810D5BB4616BA4D7513 /* PBXContainerItemProxy */;
              };
/* End PBXTargetDependency section */

/* Begin XCBuildConfiguration section */
              D7ED93D97D694C77AAA227D5 /* Debug */ = {
                     isa = XCBuildConfiguration;
                     buildSettings = {
                            ARCHS = "$(ARCHS_STANDARD_32_64_BIT)";
                            ONLY_ACTIVE_ARCH = YES;
                            SDKROOT = "/Applications/Xcode.app/Contents/Developer/Platforms/MacOSX.platform/Developer/SDKs/MacOSX10.10.sdk";
                            SYMROOT = /Users/benutzer/Documents/anSim/framework/CG_AnSim_demos/BUILD_Xcode/libraries/rollercoaster/build;
                     };
                     name = Debug;
              };
              0ED5B34BDE88456BAF7208FA /* Release */ = {
                     isa = XCBuildConfiguration;
                     buildSettings = {
                            ARCHS = "$(ARCHS_STANDARD_32_64_BIT)";
                            ONLY_ACTIVE_ARCH = YES;
                            SDKROOT = "/Applications/Xcode.app/Contents/Developer/Platforms/MacOSX.platform/Developer/SDKs/MacOSX10.10.sdk";
                            SYMROOT = /Users/benutzer/Documents/anSim/framework/CG_AnSim_demos/BUILD_Xcode/libraries/rollercoaster/build;
                     };
                     name = Release;
              };
              3169F732E1FD4B0EA3BCB60B /* Debug */ = {
                     isa = XCBuildConfiguration;
                     buildSettings = {
                            COMBINE_HIDPI_IMAGES = YES;
                            FRAMEWORK_SEARCH_PATHS = ("/Applications/Xcode.app/Contents/Developer/Platforms/MacOSX.platform/Developer/SDKs/MacOSX10.10.sdk/System/Library/Frameworks", );
                            GCC_GENERATE_DEBUGGING_SYMBOLS = NO;
                            GCC_INLINES_ARE_PRIVATE_EXTERN = NO;
                            GCC_OPTIMIZATION_LEVEL = 0;
                            GCC_PREPROCESSOR_DEFINITIONS = ("'CMAKE_INTDIR=\"$(CONFIGURATION)$(EFFECTIVE_PLATFORM_NAME)\"'", "'SHADERS_PATH=\"/Users/benutzer/Documents/anSim/framework/CG_AnSim_demos/src/shaders\"'", "'RESOURCES_PATH=\"/Users/benutzer/Documents/anSim/framework/CG_AnSim_demos/src/../../resources\"'", GLFW_INCLUDE_GLCOREARB, GLEW_STATIC, GL_DO_NOT_WARN_IF_MULTI_GL_VERSION_HEADERS_INCLUDED, GLEW_NO_GLU, );
                            GCC_SYMBOLS_PRIVATE_EXTERN = NO;
                            HEADER_SEARCH_PATHS = (/opt/local/include, /Users/benutzer/Documents/anSim/dependencies_osx/glfw/include, /Users/benutzer/Documents/anSim/dependencies_osx/assimp/include, /Users/benutzer/Documents/anSim/dependencies_osx/glm, "/Users/benutzer/Documents/anSim/framework/CG_AnSim_demos/src/../../libraries", );
                            INSTALL_PATH = "";
                            OTHER_CFLAGS = "  ";
                            OTHER_LDFLAGS = " ";
                            OTHER_REZFLAGS = "";
                            PRODUCT_NAME = ALL_BUILD;
                            SECTORDER_FLAGS = "";
                            SYMROOT = /Users/benutzer/Documents/anSim/framework/CG_AnSim_demos/BUILD_Xcode/libraries/rollercoaster;
                            USE_HEADERMAP = NO;
                            WARNING_CFLAGS = ("-Wmost", "-Wno-four-char-constants", "-Wno-unknown-pragmas", "$(inherited)", );
                     };
                     name = Debug;
              };
              C413FD97D8F543F9B8BEA79D /* Release */ = {
                     isa = XCBuildConfiguration;
                     buildSettings = {
                            COMBINE_HIDPI_IMAGES = YES;
                            FRAMEWORK_SEARCH_PATHS = ("/Applications/Xcode.app/Contents/Developer/Platforms/MacOSX.platform/Developer/SDKs/MacOSX10.10.sdk/System/Library/Frameworks", );
                            GCC_GENERATE_DEBUGGING_SYMBOLS = NO;
                            GCC_INLINES_ARE_PRIVATE_EXTERN = NO;
                            GCC_OPTIMIZATION_LEVEL = 0;
                            GCC_PREPROCESSOR_DEFINITIONS = ("'CMAKE_INTDIR=\"$(CONFIGURATION)$(EFFECTIVE_PLATFORM_NAME)\"'", "'SHADERS_PATH=\"/Users/benutzer/Documents/anSim/framework/CG_AnSim_demos/src/shaders\"'", "'RESOURCES_PATH=\"/Users/benutzer/Documents/anSim/framework/CG_AnSim_demos/src/../../resources\"'", GLFW_INCLUDE_GLCOREARB, GLEW_STATIC, GL_DO_NOT_WARN_IF_MULTI_GL_VERSION_HEADERS_INCLUDED, GLEW_NO_GLU, );
                            GCC_SYMBOLS_PRIVATE_EXTERN = NO;
                            HEADER_SEARCH_PATHS = (/opt/local/include, /Users/benutzer/Documents/anSim/dependencies_osx/glfw/include, /Users/benutzer/Documents/anSim/dependencies_osx/assimp/include, /Users/benutzer/Documents/anSim/dependencies_osx/glm, "/Users/benutzer/Documents/anSim/framework/CG_AnSim_demos/src/../../libraries", );
                            INSTALL_PATH = "";
                            OTHER_CFLAGS = "  ";
                            OTHER_LDFLAGS = " ";
                            OTHER_REZFLAGS = "";
                            PRODUCT_NAME = ALL_BUILD;
                            SECTORDER_FLAGS = "";
                            SYMROOT = /Users/benutzer/Documents/anSim/framework/CG_AnSim_demos/BUILD_Xcode/libraries/rollercoaster;
                            USE_HEADERMAP = NO;
                            WARNING_CFLAGS = ("-Wmost", "-Wno-four-char-constants", "-Wno-unknown-pragmas", "$(inherited)", );
                     };
                     name = Release;
              };
              C75443759E3A4CDCB4A829FE /* Debug */ = {
                     isa = XCBuildConfiguration;
                     buildSettings = {
                            COMBINE_HIDPI_IMAGES = YES;
                            FRAMEWORK_SEARCH_PATHS = ("/Applications/Xcode.app/Contents/Developer/Platforms/MacOSX.platform/Developer/SDKs/MacOSX10.10.sdk/System/Library/Frameworks", );
                            GCC_GENERATE_DEBUGGING_SYMBOLS = NO;
                            GCC_INLINES_ARE_PRIVATE_EXTERN = NO;
                            GCC_OPTIMIZATION_LEVEL = 0;
                            GCC_PREPROCESSOR_DEFINITIONS = ("'CMAKE_INTDIR=\"$(CONFIGURATION)$(EFFECTIVE_PLATFORM_NAME)\"'", "'SHADERS_PATH=\"/Users/benutzer/Documents/anSim/framework/CG_AnSim_demos/src/shaders\"'", "'RESOURCES_PATH=\"/Users/benutzer/Documents/anSim/framework/CG_AnSim_demos/src/../../resources\"'", GLFW_INCLUDE_GLCOREARB, GLEW_STATIC, GL_DO_NOT_WARN_IF_MULTI_GL_VERSION_HEADERS_INCLUDED, GLEW_NO_GLU, );
                            GCC_SYMBOLS_PRIVATE_EXTERN = NO;
                            HEADER_SEARCH_PATHS = (/opt/local/include, /Users/benutzer/Documents/anSim/dependencies_osx/glfw/include, /Users/benutzer/Documents/anSim/dependencies_osx/assimp/include, /Users/benutzer/Documents/anSim/dependencies_osx/glm, "/Users/benutzer/Documents/anSim/framework/CG_AnSim_demos/src/../../libraries", );
                            INSTALL_PATH = "";
                            OTHER_CFLAGS = "  ";
                            OTHER_LDFLAGS = " ";
                            OTHER_REZFLAGS = "";
                            PRODUCT_NAME = ZERO_CHECK;
                            SECTORDER_FLAGS = "";
                            SYMROOT = /Users/benutzer/Documents/anSim/framework/CG_AnSim_demos/BUILD_Xcode/libraries/rollercoaster;
                            USE_HEADERMAP = NO;
                            WARNING_CFLAGS = ("-Wmost", "-Wno-four-char-constants", "-Wno-unknown-pragmas", "$(inherited)", );
                     };
                     name = Debug;
              };
              10D6035A89A94A6EB036BC9B /* Release */ = {
                     isa = XCBuildConfiguration;
                     buildSettings = {
                            COMBINE_HIDPI_IMAGES = YES;
                            FRAMEWORK_SEARCH_PATHS = ("/Applications/Xcode.app/Contents/Developer/Platforms/MacOSX.platform/Developer/SDKs/MacOSX10.10.sdk/System/Library/Frameworks", );
                            GCC_GENERATE_DEBUGGING_SYMBOLS = NO;
                            GCC_INLINES_ARE_PRIVATE_EXTERN = NO;
                            GCC_OPTIMIZATION_LEVEL = 0;
                            GCC_PREPROCESSOR_DEFINITIONS = ("'CMAKE_INTDIR=\"$(CONFIGURATION)$(EFFECTIVE_PLATFORM_NAME)\"'", "'SHADERS_PATH=\"/Users/benutzer/Documents/anSim/framework/CG_AnSim_demos/src/shaders\"'", "'RESOURCES_PATH=\"/Users/benutzer/Documents/anSim/framework/CG_AnSim_demos/src/../../resources\"'", GLFW_INCLUDE_GLCOREARB, GLEW_STATIC, GL_DO_NOT_WARN_IF_MULTI_GL_VERSION_HEADERS_INCLUDED, GLEW_NO_GLU, );
                            GCC_SYMBOLS_PRIVATE_EXTERN = NO;
                            HEADER_SEARCH_PATHS = (/opt/local/include, /Users/benutzer/Documents/anSim/dependencies_osx/glfw/include, /Users/benutzer/Documents/anSim/dependencies_osx/assimp/include, /Users/benutzer/Documents/anSim/dependencies_osx/glm, "/Users/benutzer/Documents/anSim/framework/CG_AnSim_demos/src/../../libraries", );
                            INSTALL_PATH = "";
                            OTHER_CFLAGS = "  ";
                            OTHER_LDFLAGS = " ";
                            OTHER_REZFLAGS = "";
                            PRODUCT_NAME = ZERO_CHECK;
                            SECTORDER_FLAGS = "";
                            SYMROOT = /Users/benutzer/Documents/anSim/framework/CG_AnSim_demos/BUILD_Xcode/libraries/rollercoaster;
                            USE_HEADERMAP = NO;
                            WARNING_CFLAGS = ("-Wmost", "-Wno-four-char-constants", "-Wno-unknown-pragmas", "$(inherited)", );
                     };
                     name = Release;
              };
              219D4E9AFCC9499883FBAEC3 /* Debug */ = {
                     isa = XCBuildConfiguration;
                     buildSettings = {
                            COMBINE_HIDPI_IMAGES = YES;
                            CONFIGURATION_BUILD_DIR = /Users/benutzer/Documents/anSim/framework/CG_AnSim_demos/BUILD_Xcode/lib/Debug;
                            EXECUTABLE_PREFIX = lib;
                            EXECUTABLE_SUFFIX = ".a";
                            FRAMEWORK_SEARCH_PATHS = ("/Applications/Xcode.app/Contents/Developer/Platforms/MacOSX.platform/Developer/SDKs/MacOSX10.10.sdk/System/Library/Frameworks", );
                            GCC_GENERATE_DEBUGGING_SYMBOLS = YES;
                            GCC_INLINES_ARE_PRIVATE_EXTERN = NO;
                            GCC_OPTIMIZATION_LEVEL = 0;
                            GCC_PREPROCESSOR_DEFINITIONS = ("'CMAKE_INTDIR=\"$(CONFIGURATION)$(EFFECTIVE_PLATFORM_NAME)\"'", "'SHADERS_PATH=\"/Users/benutzer/Documents/anSim/framework/CG_AnSim_demos/src/shaders\"'", "'RESOURCES_PATH=\"/Users/benutzer/Documents/anSim/framework/CG_AnSim_demos/src/../../resources\"'", GLFW_INCLUDE_GLCOREARB, GLEW_STATIC, GL_DO_NOT_WARN_IF_MULTI_GL_VERSION_HEADERS_INCLUDED, GLEW_NO_GLU, );
                            GCC_SYMBOLS_PRIVATE_EXTERN = NO;
                            HEADER_SEARCH_PATHS = (/opt/local/include, /Users/benutzer/Documents/anSim/dependencies_osx/glfw/include, /Users/benutzer/Documents/anSim/dependencies_osx/assimp/include, /Users/benutzer/Documents/anSim/dependencies_osx/glm, "/Users/benutzer/Documents/anSim/framework/CG_AnSim_demos/src/../../libraries", );
                            INSTALL_PATH = "";
                            LIBRARY_STYLE = STATIC;
                            OTHER_CFLAGS = "    ";
                            OTHER_CPLUSPLUSFLAGS = " -std=c++0x     ";
                            OTHER_LIBTOOLFLAGS = " ";
                            OTHER_REZFLAGS = "";
                            PRODUCT_NAME = rollercoaster;
                            SECTORDER_FLAGS = "";
                            SYMROOT = /Users/benutzer/Documents/anSim/framework/CG_AnSim_demos/BUILD_Xcode/libraries/rollercoaster;
                            USE_HEADERMAP = NO;
                            WARNING_CFLAGS = ("-Wmost", "-Wno-four-char-constants", "-Wno-unknown-pragmas", "$(inherited)", );
                     };
                     name = Debug;
              };
              1DCA1A52835C46359E726931 /* Release */ = {
                     isa = XCBuildConfiguration;
                     buildSettings = {
                            COMBINE_HIDPI_IMAGES = YES;
                            CONFIGURATION_BUILD_DIR = /Users/benutzer/Documents/anSim/framework/CG_AnSim_demos/BUILD_Xcode/lib/Release;
                            EXECUTABLE_PREFIX = lib;
                            EXECUTABLE_SUFFIX = ".a";
                            FRAMEWORK_SEARCH_PATHS = ("/Applications/Xcode.app/Contents/Developer/Platforms/MacOSX.platform/Developer/SDKs/MacOSX10.10.sdk/System/Library/Frameworks", );
                            GCC_GENERATE_DEBUGGING_SYMBOLS = NO;
                            GCC_INLINES_ARE_PRIVATE_EXTERN = NO;
                            GCC_OPTIMIZATION_LEVEL = 3;
                            GCC_PREPROCESSOR_DEFINITIONS = ("'CMAKE_INTDIR=\"$(CONFIGURATION)$(EFFECTIVE_PLATFORM_NAME)\"'", "'SHADERS_PATH=\"/Users/benutzer/Documents/anSim/framework/CG_AnSim_demos/src/shaders\"'", "'RESOURCES_PATH=\"/Users/benutzer/Documents/anSim/framework/CG_AnSim_demos/src/../../resources\"'", GLFW_INCLUDE_GLCOREARB, GLEW_STATIC, GL_DO_NOT_WARN_IF_MULTI_GL_VERSION_HEADERS_INCLUDED, GLEW_NO_GLU, );
                            GCC_SYMBOLS_PRIVATE_EXTERN = NO;
                            HEADER_SEARCH_PATHS = (/opt/local/include, /Users/benutzer/Documents/anSim/dependencies_osx/glfw/include, /Users/benutzer/Documents/anSim/dependencies_osx/assimp/include, /Users/benutzer/Documents/anSim/dependencies_osx/glm, "/Users/benutzer/Documents/anSim/framework/CG_AnSim_demos/src/../../libraries", );
                            INSTALL_PATH = "";
                            LIBRARY_STYLE = STATIC;
                            OTHER_CFLAGS = "    -DNDEBUG  ";
                            OTHER_CPLUSPLUSFLAGS = " -std=c++0x     -DNDEBUG  ";
                            OTHER_LIBTOOLFLAGS = " ";
                            OTHER_REZFLAGS = "";
                            PRODUCT_NAME = rollercoaster;
                            SECTORDER_FLAGS = "";
                            SYMROOT = /Users/benutzer/Documents/anSim/framework/CG_AnSim_demos/BUILD_Xcode/libraries/rollercoaster;
                            USE_HEADERMAP = NO;
                            WARNING_CFLAGS = ("-Wmost", "-Wno-four-char-constants", "-Wno-unknown-pragmas", "$(inherited)", );
                     };
                     name = Release;
              };
/* End XCBuildConfiguration section */

/* Begin XCConfigurationList section */
              A728C1D2E77C4DFC90FDE0C8 /* Build configuration list for PBXProject  "rollercoaster" */ = {
                     isa = XCConfigurationList;
                     buildConfigurations = (
                            D7ED93D97D694C77AAA227D5 /* Debug */,
                            0ED5B34BDE88456BAF7208FA /* Release */,
                     );
                     defaultConfigurationIsVisible = 0;
                     defaultConfigurationName = Debug;
              };
              0AD0EAF349254352875A5C57 /* Build configuration list for PBXAggregateTarget "ALL_BUILD" */ = {
                     isa = XCConfigurationList;
                     buildConfigurations = (
                            3169F732E1FD4B0EA3BCB60B /* Debug */,
                            C413FD97D8F543F9B8BEA79D /* Release */,
                     );
                     defaultConfigurationIsVisible = 0;
                     defaultConfigurationName = Debug;
              };
              2F6D43ACBAE04715B5CC2276 /* Build configuration list for PBXAggregateTarget "ZERO_CHECK" */ = {
                     isa = XCConfigurationList;
                     buildConfigurations = (
                            C75443759E3A4CDCB4A829FE /* Debug */,
                            10D6035A89A94A6EB036BC9B /* Release */,
                     );
                     defaultConfigurationIsVisible = 0;
                     defaultConfigurationName = Debug;
              };
              EA484007A46D4F039D35A2CB /* Build configuration list for PBXNativeTarget "rollercoaster" */ = {
                     isa = XCConfigurationList;
                     buildConfigurations = (
                            219D4E9AFCC9499883FBAEC3 /* Debug */,
                            1DCA1A52835C46359E726931 /* Release */,
                     );
                     defaultConfigurationIsVisible = 0;
                     defaultConfigurationName = Debug;
              };
/* End XCConfigurationList section */
       };
       rootObject = 35F3FBB6218B4F7692B4B228;
}
